
Microsoft Visual Studio Solution File, Format Version 12.00
# Visual Studio Version 16
VisualStudioVersion = 16.0.31702.278
MinimumVisualStudioVersion = 10.0.40219.1
Project("{FAE04EC0-301F-11D3-BF4B-00C04F79EFBC}") = "BookAPI2", "BookAPI2\BookAPI2.csproj", "{BD3F2C4A-3CBF-420A-BAB0-287019258348}"
EndProject
Global
	GlobalSection(SolutionConfigurationPlatforms) = preSolution
		Debug|Any CPU = Debug|Any CPU
		Release|Any CPU = Release|Any CPU
	EndGlobalSection
	GlobalSection(ProjectConfigurationPlatforms) = postSolution
		{BD3F2C4A-3CBF-420A-BAB0-287019258348}.Debug|Any CPU.ActiveCfg = Debug|Any CPU
		{BD3F2C4A-3CBF-420A-BAB0-287019258348}.Debug|Any CPU.Build.0 = Debug|Any CPU
		{BD3F2C4A-3CBF-420A-BAB0-287019258348}.Release|Any CPU.ActiveCfg = Release|Any CPU
		{BD3F2C4A-3CBF-420A-BAB0-287019258348}.Release|Any CPU.Build.0 = Release|Any CPU
	EndGlobalSection
	GlobalSection(SolutionProperties) = preSolution
		HideSolutionNode = FALSE
	EndGlobalSection
	GlobalSection(ExtensibilityGlobals) = postSolution
		SolutionGuid = {FBA8E5A0-9543-4DAF-BD9C-D85AEE001561}
	EndGlobalSection
EndGlobal
